// !$*UTF8*$!
{
	archiveVersion = 1;
	classes = {
	};
	objectVersion = 77;
	objects = {

/* Begin PBXBuildFile section */
		25DA072F8ABE7A92867D08F4 /* Pods_Finova.framework in Frameworks */ = {isa = PBXBuildFile; fileRef = 4C1213A9FB6A1739B3AE0F31 /* Pods_Finova.framework */; };
		8FAE205B38ADF97E127A6C1A /* Pods_FinovaTests.framework in Frameworks */ = {isa = PBXBuildFile; fileRef = 368924A4C493636AE9030A68 /* Pods_FinovaTests.framework */; };
		C6D36C652DCCFCE700A9AB2E /* SwiftEmailValidator in Frameworks */ = {isa = PBXBuildFile; productRef = C6D36C642DCCFCE700A9AB2E /* SwiftEmailValidator */; };
/* End PBXBuildFile section */

/* Begin PBXContainerItemProxy section */
		C667CFB02DFC7D0500B864E8 /* PBXContainerItemProxy */ = {
			isa = PBXContainerItemProxy;
			containerPortal = C6D36BD22DCB81B700A9AB2E /* Project object */;
			proxyType = 1;
			remoteGlobalIDString = C6D36BD92DCB81B700A9AB2E;
			remoteInfo = FinanceApp;
		};
/* End PBXContainerItemProxy section */

/* Begin PBXFileReference section */
		142A5A4F50FBB26CAD8D0112 /* Pods-Finova.release.xcconfig */ = {isa = PBXFileReference; includeInIndex = 1; lastKnownFileType = text.xcconfig; name = "Pods-Finova.release.xcconfig"; path = "Target Support Files/Pods-Finova/Pods-Finova.release.xcconfig"; sourceTree = "<group>"; };
		368924A4C493636AE9030A68 /* Pods_FinovaTests.framework */ = {isa = PBXFileReference; explicitFileType = wrapper.framework; includeInIndex = 0; path = Pods_FinovaTests.framework; sourceTree = BUILT_PRODUCTS_DIR; };
		428564A5355B5A4031117B24 /* Pods-FinovaTests.debug.xcconfig */ = {isa = PBXFileReference; includeInIndex = 1; lastKnownFileType = text.xcconfig; name = "Pods-FinovaTests.debug.xcconfig"; path = "Target Support Files/Pods-FinovaTests/Pods-FinovaTests.debug.xcconfig"; sourceTree = "<group>"; };
		4C1213A9FB6A1739B3AE0F31 /* Pods_Finova.framework */ = {isa = PBXFileReference; explicitFileType = wrapper.framework; includeInIndex = 0; path = Pods_Finova.framework; sourceTree = BUILT_PRODUCTS_DIR; };
		66D82F0427A82D78DFC8E245 /* Pods-FinanceAppTests.release.xcconfig */ = {isa = PBXFileReference; includeInIndex = 1; lastKnownFileType = text.xcconfig; name = "Pods-FinanceAppTests.release.xcconfig"; path = "Target Support Files/Pods-FinanceAppTests/Pods-FinanceAppTests.release.xcconfig"; sourceTree = "<group>"; };
		861F0E47F80E55F2555B81A9 /* Pods-FinanceApp.debug.xcconfig */ = {isa = PBXFileReference; includeInIndex = 1; lastKnownFileType = text.xcconfig; name = "Pods-FinanceApp.debug.xcconfig"; path = "Target Support Files/Pods-FinanceApp/Pods-FinanceApp.debug.xcconfig"; sourceTree = "<group>"; };
		AE5010FD60FF3E18931A3CCF /* Pods-FinovaTests.release.xcconfig */ = {isa = PBXFileReference; includeInIndex = 1; lastKnownFileType = text.xcconfig; name = "Pods-FinovaTests.release.xcconfig"; path = "Target Support Files/Pods-FinovaTests/Pods-FinovaTests.release.xcconfig"; sourceTree = "<group>"; };
		C667CFAC2DFC7D0500B864E8 /* FinovaTests.xctest */ = {isa = PBXFileReference; explicitFileType = wrapper.cfbundle; includeInIndex = 0; path = FinovaTests.xctest; sourceTree = BUILT_PRODUCTS_DIR; };
		C6D36BDA2DCB81B700A9AB2E /* Finova.app */ = {isa = PBXFileReference; explicitFileType = wrapper.application; includeInIndex = 0; path = Finova.app; sourceTree = BUILT_PRODUCTS_DIR; };
		D38E272691170F3575D37E35 /* Pods-FinanceAppTests.debug.xcconfig */ = {isa = PBXFileReference; includeInIndex = 1; lastKnownFileType = text.xcconfig; name = "Pods-FinanceAppTests.debug.xcconfig"; path = "Target Support Files/Pods-FinanceAppTests/Pods-FinanceAppTests.debug.xcconfig"; sourceTree = "<group>"; };
		E06A0D849F7051DD83F9FED9 /* Pods-Finova.debug.xcconfig */ = {isa = PBXFileReference; includeInIndex = 1; lastKnownFileType = text.xcconfig; name = "Pods-Finova.debug.xcconfig"; path = "Target Support Files/Pods-Finova/Pods-Finova.debug.xcconfig"; sourceTree = "<group>"; };
		FDA435C47F3140359216EC08 /* Pods-FinanceApp.release.xcconfig */ = {isa = PBXFileReference; includeInIndex = 1; lastKnownFileType = text.xcconfig; name = "Pods-FinanceApp.release.xcconfig"; path = "Target Support Files/Pods-FinanceApp/Pods-FinanceApp.release.xcconfig"; sourceTree = "<group>"; };
/* End PBXFileReference section */

/* Begin PBXFileSystemSynchronizedBuildFileExceptionSet section */
		C6D36BEC2DCB81B800A9AB2E /* Exceptions for "Finova" folder in "Finova" target */ = {
			isa = PBXFileSystemSynchronizedBuildFileExceptionSet;
			membershipExceptions = (
				Info.plist,
			);
			target = C6D36BD92DCB81B700A9AB2E /* Finova */;
		};
/* End PBXFileSystemSynchronizedBuildFileExceptionSet section */

/* Begin PBXFileSystemSynchronizedRootGroup section */
		C667CFAD2DFC7D0500B864E8 /* FinovaTests */ = {
			isa = PBXFileSystemSynchronizedRootGroup;
			path = FinovaTests;
			sourceTree = "<group>";
		};
		C6D36BDC2DCB81B700A9AB2E /* Finova */ = {
			isa = PBXFileSystemSynchronizedRootGroup;
			exceptions = (
				C6D36BEC2DCB81B800A9AB2E /* Exceptions for "Finova" folder in "Finova" target */,
			);
			path = Finova;
			sourceTree = "<group>";
		};
/* End PBXFileSystemSynchronizedRootGroup section */

/* Begin PBXFrameworksBuildPhase section */
		C667CFA92DFC7D0500B864E8 /* Frameworks */ = {
			isa = PBXFrameworksBuildPhase;
			buildActionMask = 2147483647;
			files = (
				8FAE205B38ADF97E127A6C1A /* Pods_FinovaTests.framework in Frameworks */,
			);
			runOnlyForDeploymentPostprocessing = 0;
		};
		C6D36BD72DCB81B700A9AB2E /* Frameworks */ = {
			isa = PBXFrameworksBuildPhase;
			buildActionMask = 2147483647;
			files = (
				C6D36C652DCCFCE700A9AB2E /* SwiftEmailValidator in Frameworks */,
				25DA072F8ABE7A92867D08F4 /* Pods_Finova.framework in Frameworks */,
			);
			runOnlyForDeploymentPostprocessing = 0;
		};
/* End PBXFrameworksBuildPhase section */

/* Begin PBXGroup section */
		3C7D365F56378FE2A0877202 /* Frameworks */ = {
			isa = PBXGroup;
			children = (
				4C1213A9FB6A1739B3AE0F31 /* Pods_Finova.framework */,
				368924A4C493636AE9030A68 /* Pods_FinovaTests.framework */,
			);
			name = Frameworks;
			sourceTree = "<group>";
		};
		B6EF22C3E549CEB7DB518A3F /* Pods */ = {
			isa = PBXGroup;
			children = (
				861F0E47F80E55F2555B81A9 /* Pods-FinanceApp.debug.xcconfig */,
				FDA435C47F3140359216EC08 /* Pods-FinanceApp.release.xcconfig */,
				D38E272691170F3575D37E35 /* Pods-FinanceAppTests.debug.xcconfig */,
				66D82F0427A82D78DFC8E245 /* Pods-FinanceAppTests.release.xcconfig */,
				E06A0D849F7051DD83F9FED9 /* Pods-Finova.debug.xcconfig */,
				142A5A4F50FBB26CAD8D0112 /* Pods-Finova.release.xcconfig */,
				428564A5355B5A4031117B24 /* Pods-FinovaTests.debug.xcconfig */,
				AE5010FD60FF3E18931A3CCF /* Pods-FinovaTests.release.xcconfig */,
			);
			path = Pods;
			sourceTree = "<group>";
		};
		C6D36BD12DCB81B700A9AB2E = {
			isa = PBXGroup;
			children = (
				C6D36BDC2DCB81B700A9AB2E /* Finova */,
				C667CFAD2DFC7D0500B864E8 /* FinovaTests */,
				C6D36BDB2DCB81B700A9AB2E /* Products */,
				B6EF22C3E549CEB7DB518A3F /* Pods */,
				3C7D365F56378FE2A0877202 /* Frameworks */,
			);
			sourceTree = "<group>";
		};
		C6D36BDB2DCB81B700A9AB2E /* Products */ = {
			isa = PBXGroup;
			children = (
				C6D36BDA2DCB81B700A9AB2E /* Finova.app */,
				C667CFAC2DFC7D0500B864E8 /* FinovaTests.xctest */,
			);
			name = Products;
			sourceTree = "<group>";
		};
/* End PBXGroup section */

/* Begin PBXNativeTarget section */
		C667CFAB2DFC7D0500B864E8 /* FinovaTests */ = {
			isa = PBXNativeTarget;
			buildConfigurationList = C667CFB22DFC7D0500B864E8 /* Build configuration list for PBXNativeTarget "FinovaTests" */;
			buildPhases = (
				A85AC847AAE320A720F57A17 /* [CP] Check Pods Manifest.lock */,
				C667CFA82DFC7D0500B864E8 /* Sources */,
				C667CFA92DFC7D0500B864E8 /* Frameworks */,
				C667CFAA2DFC7D0500B864E8 /* Resources */,
			);
			buildRules = (
			);
			dependencies = (
				C667CFB12DFC7D0500B864E8 /* PBXTargetDependency */,
			);
			fileSystemSynchronizedGroups = (
				C667CFAD2DFC7D0500B864E8 /* FinovaTests */,
			);
			name = FinovaTests;
			productName = FinanceAppTests;
			productReference = C667CFAC2DFC7D0500B864E8 /* FinovaTests.xctest */;
			productType = "com.apple.product-type.bundle.unit-test";
		};
		C6D36BD92DCB81B700A9AB2E /* Finova */ = {
			isa = PBXNativeTarget;
			buildConfigurationList = C6D36BED2DCB81B800A9AB2E /* Build configuration list for PBXNativeTarget "Finova" */;
			buildPhases = (
				7D479B5942CC6C575E57A5A9 /* [CP] Check Pods Manifest.lock */,
				C6D36BD62DCB81B700A9AB2E /* Sources */,
				C6D36BD72DCB81B700A9AB2E /* Frameworks */,
				C6D36BD82DCB81B700A9AB2E /* Resources */,
				BA8363F7F315816E2B9EB6DC /* [CP] Embed Pods Frameworks */,
			);
			buildRules = (
			);
			dependencies = (
			);
			fileSystemSynchronizedGroups = (
				C6D36BDC2DCB81B700A9AB2E /* Finova */,
			);
			name = Finova;
			packageProductDependencies = (
				C6D36C642DCCFCE700A9AB2E /* SwiftEmailValidator */,
			);
			productName = FinanceApp;
			productReference = C6D36BDA2DCB81B700A9AB2E /* Finova.app */;
			productType = "com.apple.product-type.application";
		};
/* End PBXNativeTarget section */

/* Begin PBXProject section */
		C6D36BD22DCB81B700A9AB2E /* Project object */ = {
			isa = PBXProject;
			attributes = {
				BuildIndependentTargetsInParallel = 1;
				LastSwiftUpdateCheck = 1640;
				LastUpgradeCheck = 1630;
				TargetAttributes = {
					C667CFAB2DFC7D0500B864E8 = {
						CreatedOnToolsVersion = 16.4;
						LastSwiftMigration = 1640;
						TestTargetID = C6D36BD92DCB81B700A9AB2E;
					};
					C6D36BD92DCB81B700A9AB2E = {
						CreatedOnToolsVersion = 16.3;
					};
				};
			};
			buildConfigurationList = C6D36BD52DCB81B700A9AB2E /* Build configuration list for PBXProject "Finova" */;
			developmentRegion = en;
			hasScannedForEncodings = 0;
			knownRegions = (
				en,
				Base,
				"pt-BR",
			);
			mainGroup = C6D36BD12DCB81B700A9AB2E;
			minimizedProjectReferenceProxies = 1;
			packageReferences = (
				C6D36C632DCCFCE700A9AB2E /* XCRemoteSwiftPackageReference "SwiftEmailValidator" */,
			);
			preferredProjectObjectVersion = 77;
			productRefGroup = C6D36BDB2DCB81B700A9AB2E /* Products */;
			projectDirPath = "";
			projectRoot = "";
			targets = (
				C6D36BD92DCB81B700A9AB2E /* Finova */,
				C667CFAB2DFC7D0500B864E8 /* FinovaTests */,
			);
		};
/* End PBXProject section */

/* Begin PBXResourcesBuildPhase section */
		C667CFAA2DFC7D0500B864E8 /* Resources */ = {
			isa = PBXResourcesBuildPhase;
			buildActionMask = 2147483647;
			files = (
			);
			runOnlyForDeploymentPostprocessing = 0;
		};
		C6D36BD82DCB81B700A9AB2E /* Resources */ = {
			isa = PBXResourcesBuildPhase;
			buildActionMask = 2147483647;
			files = (
			);
			runOnlyForDeploymentPostprocessing = 0;
		};
/* End PBXResourcesBuildPhase section */

/* Begin PBXShellScriptBuildPhase section */
		7D479B5942CC6C575E57A5A9 /* [CP] Check Pods Manifest.lock */ = {
			isa = PBXShellScriptBuildPhase;
			buildActionMask = 2147483647;
			files = (
			);
			inputFileListPaths = (
			);
			inputPaths = (
				"${PODS_PODFILE_DIR_PATH}/Podfile.lock",
				"${PODS_ROOT}/Manifest.lock",
			);
			name = "[CP] Check Pods Manifest.lock";
			outputFileListPaths = (
			);
			outputPaths = (
				"$(DERIVED_FILE_DIR)/Pods-Finova-checkManifestLockResult.txt",
			);
			runOnlyForDeploymentPostprocessing = 0;
			shellPath = /bin/sh;
			shellScript = "diff \"${PODS_PODFILE_DIR_PATH}/Podfile.lock\" \"${PODS_ROOT}/Manifest.lock\" > /dev/null\nif [ $? != 0 ] ; then\n    # print error to STDERR\n    echo \"error: The sandbox is not in sync with the Podfile.lock. Run 'pod install' or update your CocoaPods installation.\" >&2\n    exit 1\nfi\n# This output is used by Xcode 'outputs' to avoid re-running this script phase.\necho \"SUCCESS\" > \"${SCRIPT_OUTPUT_FILE_0}\"\n";
			showEnvVarsInLog = 0;
		};
		A85AC847AAE320A720F57A17 /* [CP] Check Pods Manifest.lock */ = {
			isa = PBXShellScriptBuildPhase;
			buildActionMask = 2147483647;
			files = (
			);
			inputFileListPaths = (
			);
			inputPaths = (
				"${PODS_PODFILE_DIR_PATH}/Podfile.lock",
				"${PODS_ROOT}/Manifest.lock",
			);
			name = "[CP] Check Pods Manifest.lock";
			outputFileListPaths = (
			);
			outputPaths = (
				"$(DERIVED_FILE_DIR)/Pods-FinovaTests-checkManifestLockResult.txt",
			);
			runOnlyForDeploymentPostprocessing = 0;
			shellPath = /bin/sh;
			shellScript = "diff \"${PODS_PODFILE_DIR_PATH}/Podfile.lock\" \"${PODS_ROOT}/Manifest.lock\" > /dev/null\nif [ $? != 0 ] ; then\n    # print error to STDERR\n    echo \"error: The sandbox is not in sync with the Podfile.lock. Run 'pod install' or update your CocoaPods installation.\" >&2\n    exit 1\nfi\n# This output is used by Xcode 'outputs' to avoid re-running this script phase.\necho \"SUCCESS\" > \"${SCRIPT_OUTPUT_FILE_0}\"\n";
			showEnvVarsInLog = 0;
		};
		BA8363F7F315816E2B9EB6DC /* [CP] Embed Pods Frameworks */ = {
			isa = PBXShellScriptBuildPhase;
			buildActionMask = 2147483647;
			files = (
			);
			inputFileListPaths = (
				"${PODS_ROOT}/Target Support Files/Pods-Finova/Pods-Finova-frameworks-${CONFIGURATION}-input-files.xcfilelist",
			);
			inputPaths = (
			);
			name = "[CP] Embed Pods Frameworks";
			outputFileListPaths = (
				"${PODS_ROOT}/Target Support Files/Pods-Finova/Pods-Finova-frameworks-${CONFIGURATION}-output-files.xcfilelist",
			);
			outputPaths = (
			);
			runOnlyForDeploymentPostprocessing = 0;
			shellPath = /bin/sh;
			shellScript = "\"${PODS_ROOT}/Target Support Files/Pods-Finova/Pods-Finova-frameworks.sh\"\n";
			showEnvVarsInLog = 0;
		};
/* End PBXShellScriptBuildPhase section */

/* Begin PBXSourcesBuildPhase section */
		C667CFA82DFC7D0500B864E8 /* Sources */ = {
			isa = PBXSourcesBuildPhase;
			buildActionMask = 2147483647;
			files = (
			);
			runOnlyForDeploymentPostprocessing = 0;
		};
		C6D36BD62DCB81B700A9AB2E /* Sources */ = {
			isa = PBXSourcesBuildPhase;
			buildActionMask = 2147483647;
			files = (
			);
			runOnlyForDeploymentPostprocessing = 0;
		};
/* End PBXSourcesBuildPhase section */

/* Begin PBXTargetDependency section */
		C667CFB12DFC7D0500B864E8 /* PBXTargetDependency */ = {
			isa = PBXTargetDependency;
			target = C6D36BD92DCB81B700A9AB2E /* Finova */;
			targetProxy = C667CFB02DFC7D0500B864E8 /* PBXContainerItemProxy */;
		};
/* End PBXTargetDependency section */

/* Begin XCBuildConfiguration section */
		C667CFB32DFC7D0500B864E8 /* Debug */ = {
			isa = XCBuildConfiguration;
			baseConfigurationReference = 428564A5355B5A4031117B24 /* Pods-FinovaTests.debug.xcconfig */;
			buildSettings = {
				BUNDLE_LOADER = "$(TEST_HOST)";
				CLANG_ENABLE_MODULES = YES;
				CODE_SIGN_STYLE = Automatic;
				CURRENT_PROJECT_VERSION = 1;
				DEVELOPMENT_TEAM = AVJYPRL2JA;
				GENERATE_INFOPLIST_FILE = YES;
				IPHONEOS_DEPLOYMENT_TARGET = 18.0;
				MARKETING_VERSION = 1.0;
				PRODUCT_BUNDLE_IDENTIFIER = arthurrios.FinanceAppTests;
				PRODUCT_NAME = "$(TARGET_NAME)";
				SWIFT_EMIT_LOC_STRINGS = NO;
				SWIFT_OPTIMIZATION_LEVEL = "-Onone";
				SWIFT_VERSION = 5.0;
				TARGETED_DEVICE_FAMILY = "1,2";
				TEST_HOST = "$(BUILT_PRODUCTS_DIR)/Finova.app/$(BUNDLE_EXECUTABLE_FOLDER_PATH)/Finova";
			};
			name = Debug;
		};
		C667CFB42DFC7D0500B864E8 /* Release */ = {
			isa = XCBuildConfiguration;
			baseConfigurationReference = AE5010FD60FF3E18931A3CCF /* Pods-FinovaTests.release.xcconfig */;
			buildSettings = {
				BUNDLE_LOADER = "$(TEST_HOST)";
				CLANG_ENABLE_MODULES = YES;
				CODE_SIGN_STYLE = Automatic;
				CURRENT_PROJECT_VERSION = 1;
				DEVELOPMENT_TEAM = AVJYPRL2JA;
				GENERATE_INFOPLIST_FILE = YES;
				IPHONEOS_DEPLOYMENT_TARGET = 18.0;
				MARKETING_VERSION = 1.0;
				PRODUCT_BUNDLE_IDENTIFIER = arthurrios.FinanceAppTests;
				PRODUCT_NAME = "$(TARGET_NAME)";
				SWIFT_EMIT_LOC_STRINGS = NO;
				SWIFT_VERSION = 5.0;
				TARGETED_DEVICE_FAMILY = "1,2";
				TEST_HOST = "$(BUILT_PRODUCTS_DIR)/Finova.app/$(BUNDLE_EXECUTABLE_FOLDER_PATH)/Finova";
			};
			name = Release;
		};
		C6D36BEE2DCB81B800A9AB2E /* Debug */ = {
			isa = XCBuildConfiguration;
			baseConfigurationReference = E06A0D849F7051DD83F9FED9 /* Pods-Finova.debug.xcconfig */;
			buildSettings = {
				ASSETCATALOG_COMPILER_APPICON_NAME = AppIcon;
				ASSETCATALOG_COMPILER_GLOBAL_ACCENT_COLOR_NAME = AccentColor;
				CODE_SIGN_ENTITLEMENTS = Finova/Finova.entitlements;
				CODE_SIGN_STYLE = Automatic;
				CURRENT_PROJECT_VERSION = 3;
				DEVELOPMENT_TEAM = AVJYPRL2JA;
				ENABLE_USER_SCRIPT_SANDBOXING = NO;
				GENERATE_INFOPLIST_FILE = YES;
				INFOPLIST_FILE = Finova/Info.plist;
				INFOPLIST_KEY_CFBundleDisplayName = Finova;
				INFOPLIST_KEY_NSFaceIDUsageDescription = "We need permission to use FaceID for authentication";
				INFOPLIST_KEY_UIApplicationSupportsIndirectInputEvents = YES;
				INFOPLIST_KEY_UILaunchStoryboardName = LaunchScreen;
				INFOPLIST_KEY_UIRequiredDeviceCapabilities = armv7;
				INFOPLIST_KEY_UIRequiresFullScreen = YES;
				INFOPLIST_KEY_UISupportedInterfaceOrientations = UIInterfaceOrientationPortrait;
				INFOPLIST_KEY_UIUserInterfaceStyle = Light;
				IPHONEOS_DEPLOYMENT_TARGET = 16.6;
				LD_RUNPATH_SEARCH_PATHS = (
					"$(inherited)",
					"@executable_path/Frameworks",
				);
				MARKETING_VERSION = 1.0.4;
				PRODUCT_BUNDLE_IDENTIFIER = com.arthurrios.FinanceApp;
				PRODUCT_NAME = "$(TARGET_NAME)";
				SWIFT_EMIT_LOC_STRINGS = YES;
				SWIFT_VERSION = 5.0;
				TARGETED_DEVICE_FAMILY = "1,2";
			};
			name = Debug;
		};
		C6D36BEF2DCB81B800A9AB2E /* Release */ = {
			isa = XCBuildConfiguration;
			baseConfigurationReference = 142A5A4F50FBB26CAD8D0112 /* Pods-Finova.release.xcconfig */;
			buildSettings = {
				ASSETCATALOG_COMPILER_APPICON_NAME = AppIcon;
				ASSETCATALOG_COMPILER_GLOBAL_ACCENT_COLOR_NAME = AccentColor;
				CODE_SIGN_ENTITLEMENTS = Finova/Finova.entitlements;
				CODE_SIGN_STYLE = Automatic;
				CURRENT_PROJECT_VERSION = 3;
				DEVELOPMENT_TEAM = AVJYPRL2JA;
				ENABLE_USER_SCRIPT_SANDBOXING = NO;
				GENERATE_INFOPLIST_FILE = YES;
				INFOPLIST_FILE = Finova/Info.plist;
				INFOPLIST_KEY_CFBundleDisplayName = Finova;
				INFOPLIST_KEY_NSFaceIDUsageDescription = "We need permission to use FaceID for authentication";
				INFOPLIST_KEY_UIApplicationSupportsIndirectInputEvents = YES;
				INFOPLIST_KEY_UILaunchStoryboardName = LaunchScreen;
				INFOPLIST_KEY_UIRequiredDeviceCapabilities = armv7;
				INFOPLIST_KEY_UIRequiresFullScreen = YES;
				INFOPLIST_KEY_UISupportedInterfaceOrientations = UIInterfaceOrientationPortrait;
				INFOPLIST_KEY_UIUserInterfaceStyle = Light;
				IPHONEOS_DEPLOYMENT_TARGET = 16.6;
				LD_RUNPATH_SEARCH_PATHS = (
					"$(inherited)",
					"@executable_path/Frameworks",
				);
				MARKETING_VERSION = 1.0.4;
				PRODUCT_BUNDLE_IDENTIFIER = com.arthurrios.FinanceApp;
				PRODUCT_NAME = "$(TARGET_NAME)";
				SWIFT_EMIT_LOC_STRINGS = YES;
				SWIFT_VERSION = 5.0;
				TARGETED_DEVICE_FAMILY = "1,2";
			};
			name = Release;
		};
		C6D36BF02DCB81B800A9AB2E /* Debug */ = {
			isa = XCBuildConfiguration;
			buildSettings = {
				ALWAYS_SEARCH_USER_PATHS = NO;
				ASSETCATALOG_COMPILER_GENERATE_SWIFT_ASSET_SYMBOL_EXTENSIONS = YES;
				CLANG_ANALYZER_LOCALIZABILITY_NONLOCALIZED = YES;
				CLANG_ANALYZER_NONNULL = YES;
				CLANG_ANALYZER_NUMBER_OBJECT_CONVERSION = YES_AGGRESSIVE;
				CLANG_CXX_LANGUAGE_STANDARD = "gnu++20";
				CLANG_ENABLE_MODULES = YES;
				CLANG_ENABLE_OBJC_ARC = YES;
				CLANG_ENABLE_OBJC_WEAK = YES;
				CLANG_WARN_BLOCK_CAPTURE_AUTORELEASING = YES;
				CLANG_WARN_BOOL_CONVERSION = YES;
				CLANG_WARN_COMMA = YES;
				CLANG_WARN_CONSTANT_CONVERSION = YES;
				CLANG_WARN_DEPRECATED_OBJC_IMPLEMENTATIONS = YES;
				CLANG_WARN_DIRECT_OBJC_ISA_USAGE = YES_ERROR;
				CLANG_WARN_DOCUMENTATION_COMMENTS = YES;
				CLANG_WARN_EMPTY_BODY = YES;
				CLANG_WARN_ENUM_CONVERSION = YES;
				CLANG_WARN_INFINITE_RECURSION = YES;
				CLANG_WARN_INT_CONVERSION = YES;
				CLANG_WARN_NON_LITERAL_NULL_CONVERSION = YES;
				CLANG_WARN_OBJC_IMPLICIT_RETAIN_SELF = YES;
				CLANG_WARN_OBJC_LITERAL_CONVERSION = YES;
				CLANG_WARN_OBJC_ROOT_CLASS = YES_ERROR;
				CLANG_WARN_QUOTED_INCLUDE_IN_FRAMEWORK_HEADER = YES;
				CLANG_WARN_RANGE_LOOP_ANALYSIS = YES;
				CLANG_WARN_STRICT_PROTOTYPES = YES;
				CLANG_WARN_SUSPICIOUS_MOVE = YES;
				CLANG_WARN_UNGUARDED_AVAILABILITY = YES_AGGRESSIVE;
				CLANG_WARN_UNREACHABLE_CODE = YES;
				CLANG_WARN__DUPLICATE_METHOD_MATCH = YES;
				COPY_PHASE_STRIP = NO;
				DEBUG_INFORMATION_FORMAT = dwarf;
				DEVELOPMENT_TEAM = AVJYPRL2JA;
				ENABLE_STRICT_OBJC_MSGSEND = YES;
				ENABLE_TESTABILITY = YES;
				ENABLE_USER_SCRIPT_SANDBOXING = YES;
				GCC_C_LANGUAGE_STANDARD = gnu17;
				GCC_DYNAMIC_NO_PIC = NO;
				GCC_NO_COMMON_BLOCKS = YES;
				GCC_OPTIMIZATION_LEVEL = 0;
				GCC_PREPROCESSOR_DEFINITIONS = (
					"DEBUG=1",
					"$(inherited)",
				);
				GCC_WARN_64_TO_32_BIT_CONVERSION = YES;
				GCC_WARN_ABOUT_RETURN_TYPE = YES_ERROR;
				GCC_WARN_UNDECLARED_SELECTOR = YES;
				GCC_WARN_UNINITIALIZED_AUTOS = YES_AGGRESSIVE;
				GCC_WARN_UNUSED_FUNCTION = YES;
				GCC_WARN_UNUSED_VARIABLE = YES;
				IPHONEOS_DEPLOYMENT_TARGET = 18.0;
				LOCALIZATION_PREFERS_STRING_CATALOGS = YES;
				MTL_ENABLE_DEBUG_INFO = INCLUDE_SOURCE;
				MTL_FAST_MATH = YES;
				ONLY_ACTIVE_ARCH = YES;
				SDKROOT = iphoneos;
				SWIFT_ACTIVE_COMPILATION_CONDITIONS = "DEBUG $(inherited)";
				SWIFT_EMIT_LOC_STRINGS = YES;
				SWIFT_OPTIMIZATION_LEVEL = "-Onone";
			};
			name = Debug;
		};
		C6D36BF12DCB81B800A9AB2E /* Release */ = {
			isa = XCBuildConfiguration;
			buildSettings = {
				ALWAYS_SEARCH_USER_PATHS = NO;
				ASSETCATALOG_COMPILER_GENERATE_SWIFT_ASSET_SYMBOL_EXTENSIONS = YES;
				CLANG_ANALYZER_LOCALIZABILITY_NONLOCALIZED = YES;
				CLANG_ANALYZER_NONNULL = YES;
				CLANG_ANALYZER_NUMBER_OBJECT_CONVERSION = YES_AGGRESSIVE;
				CLANG_CXX_LANGUAGE_STANDARD = "gnu++20";
				CLANG_ENABLE_MODULES = YES;
				CLANG_ENABLE_OBJC_ARC = YES;
				CLANG_ENABLE_OBJC_WEAK = YES;
				CLANG_WARN_BLOCK_CAPTURE_AUTORELEASING = YES;
				CLANG_WARN_BOOL_CONVERSION = YES;
				CLANG_WARN_COMMA = YES;
				CLANG_WARN_CONSTANT_CONVERSION = YES;
				CLANG_WARN_DEPRECATED_OBJC_IMPLEMENTATIONS = YES;
				CLANG_WARN_DIRECT_OBJC_ISA_USAGE = YES_ERROR;
				CLANG_WARN_DOCUMENTATION_COMMENTS = YES;
				CLANG_WARN_EMPTY_BODY = YES;
				CLANG_WARN_ENUM_CONVERSION = YES;
				CLANG_WARN_INFINITE_RECURSION = YES;
				CLANG_WARN_INT_CONVERSION = YES;
				CLANG_WARN_NON_LITERAL_NULL_CONVERSION = YES;
				CLANG_WARN_OBJC_IMPLICIT_RETAIN_SELF = YES;
				CLANG_WARN_OBJC_LITERAL_CONVERSION = YES;
				CLANG_WARN_OBJC_ROOT_CLASS = YES_ERROR;
				CLANG_WARN_QUOTED_INCLUDE_IN_FRAMEWORK_HEADER = YES;
				CLANG_WARN_RANGE_LOOP_ANALYSIS = YES;
				CLANG_WARN_STRICT_PROTOTYPES = YES;
				CLANG_WARN_SUSPICIOUS_MOVE = YES;
				CLANG_WARN_UNGUARDED_AVAILABILITY = YES_AGGRESSIVE;
				CLANG_WARN_UNREACHABLE_CODE = YES;
				CLANG_WARN__DUPLICATE_METHOD_MATCH = YES;
				COPY_PHASE_STRIP = NO;
				DEBUG_INFORMATION_FORMAT = "dwarf-with-dsym";
				DEVELOPMENT_TEAM = AVJYPRL2JA;
				ENABLE_NS_ASSERTIONS = NO;
				ENABLE_STRICT_OBJC_MSGSEND = YES;
				ENABLE_USER_SCRIPT_SANDBOXING = YES;
				GCC_C_LANGUAGE_STANDARD = gnu17;
				GCC_NO_COMMON_BLOCKS = YES;
				GCC_WARN_64_TO_32_BIT_CONVERSION = YES;
				GCC_WARN_ABOUT_RETURN_TYPE = YES_ERROR;
				GCC_WARN_UNDECLARED_SELECTOR = YES;
				GCC_WARN_UNINITIALIZED_AUTOS = YES_AGGRESSIVE;
				GCC_WARN_UNUSED_FUNCTION = YES;
				GCC_WARN_UNUSED_VARIABLE = YES;
				IPHONEOS_DEPLOYMENT_TARGET = 18.0;
				LOCALIZATION_PREFERS_STRING_CATALOGS = YES;
				MTL_ENABLE_DEBUG_INFO = NO;
				MTL_FAST_MATH = YES;
				SDKROOT = iphoneos;
				SWIFT_COMPILATION_MODE = wholemodule;
				SWIFT_EMIT_LOC_STRINGS = YES;
				VALIDATE_PRODUCT = YES;
			};
			name = Release;
		};
/* End XCBuildConfiguration section */

/* Begin XCConfigurationList section */
		C667CFB22DFC7D0500B864E8 /* Build configuration list for PBXNativeTarget "FinovaTests" */ = {
			isa = XCConfigurationList;
			buildConfigurations = (
				C667CFB32DFC7D0500B864E8 /* Debug */,
				C667CFB42DFC7D0500B864E8 /* Release */,
			);
			defaultConfigurationIsVisible = 0;
			defaultConfigurationName = Release;
		};
		C6D36BD52DCB81B700A9AB2E /* Build configuration list for PBXProject "Finova" */ = {
			isa = XCConfigurationList;
			buildConfigurations = (
				C6D36BF02DCB81B800A9AB2E /* Debug */,
				C6D36BF12DCB81B800A9AB2E /* Release */,
			);
			defaultConfigurationIsVisible = 0;
			defaultConfigurationName = Release;
		};
		C6D36BED2DCB81B800A9AB2E /* Build configuration list for PBXNativeTarget "Finova" */ = {
			isa = XCConfigurationList;
			buildConfigurations = (
				C6D36BEE2DCB81B800A9AB2E /* Debug */,
				C6D36BEF2DCB81B800A9AB2E /* Release */,
			);
			defaultConfigurationIsVisible = 0;
			defaultConfigurationName = Release;
		};
/* End XCConfigurationList section */

/* Begin XCRemoteSwiftPackageReference section */
		C6D36C632DCCFCE700A9AB2E /* XCRemoteSwiftPackageReference "SwiftEmailValidator" */ = {
			isa = XCRemoteSwiftPackageReference;
			repositoryURL = "https://github.com/ekscrypto/SwiftEmailValidator.git";
			requirement = {
				kind = upToNextMajorVersion;
				minimumVersion = 1.0.4;
			};
		};
/* End XCRemoteSwiftPackageReference section */

/* Begin XCSwiftPackageProductDependency section */
		C6D36C642DCCFCE700A9AB2E /* SwiftEmailValidator */ = {
			isa = XCSwiftPackageProductDependency;
			package = C6D36C632DCCFCE700A9AB2E /* XCRemoteSwiftPackageReference "SwiftEmailValidator" */;
			productName = SwiftEmailValidator;
		};
/* End XCSwiftPackageProductDependency section */
	};
	rootObject = C6D36BD22DCB81B700A9AB2E /* Project object */;
}
