{
  "originHash" : "72446f48c6f6efa59a44b3a54c392821c060041006ad23da0e65c84eb4e9ec44",
  "pins" : [
    {
      "identity" : "swiftemailvalidator",
      "kind" : "remoteSourceControl",
      "location" : "https://github.com/ekscrypto/SwiftEmailValidator.git",
      "state" : {
        "revision" : "521eaed505350164ae5a3ad80457fa8639d0c3a6",
        "version" : "1.0.4"
      }
    },
    {
      "identity" : "swiftpublicsuffixlist",
      "kind" : "remoteSourceControl",
      "location" : "https://github.com/ekscrypto/SwiftPublicSuffixList.git",
      "state" : {
        "revision" : "e59868f29739bb82e5f0db5fcb494e834802403b",
        "version" : "1.1.6"
      }
    }
  ],
  "version" : 3
}
